
Microsoft Visual Studio Solution File, Format Version 12.00
# Visual Studio 15
Project("{FAE04EC0-301F-11D3-BF4B-00C04F79EFBC}") = "Assembly-CSharp", "Assembly-CSharp.csproj", "{97007026-E962-5E7C-2EB0-D13426946D1F}"
EndProject
Project("{FAE04EC0-301F-11D3-BF4B-00C04F79EFBC}") = "Assembly-CSharp-Editor", "Assembly-CSharp-Editor.csproj", "{244648FF-C2CA-F9AB-445D-66428C6376D9}"
EndProject
Global
	GlobalSection(SolutionConfigurationPlatforms) = preSolution
		Debug|Any CPU = Debug|Any CPU
		Release|Any CPU = Release|Any CPU
	EndGlobalSection
	GlobalSection(ProjectConfigurationPlatforms) = postSolution
		{97007026-E962-5E7C-2EB0-D13426946D1F}.Debug|Any CPU.ActiveCfg = Debug|Any CPU
		{97007026-E962-5E7C-2EB0-D13426946D1F}.Debug|Any CPU.Build.0 = Debug|Any CPU
		{97007026-E962-5E7C-2EB0-D13426946D1F}.Release|Any CPU.ActiveCfg = Release|Any CPU
		{97007026-E962-5E7C-2EB0-D13426946D1F}.Release|Any CPU.Build.0 = Release|Any CPU
		{244648FF-C2CA-F9AB-445D-66428C6376D9}.Debug|Any CPU.ActiveCfg = Debug|Any CPU
		{244648FF-C2CA-F9AB-445D-66428C6376D9}.Debug|Any CPU.Build.0 = Debug|Any CPU
		{244648FF-C2CA-F9AB-445D-66428C6376D9}.Release|Any CPU.ActiveCfg = Release|Any CPU
		{244648FF-C2CA-F9AB-445D-66428C6376D9}.Release|Any CPU.Build.0 = Release|Any CPU
	EndGlobalSection
	GlobalSection(SolutionProperties) = preSolution
		HideSolutionNode = FALSE
	EndGlobalSection
EndGlobal
